
Microsoft Visual Studio Solution File, Format Version 12.00
# Visual Studio 14
VisualStudioVersion = 14.0.25420.1
MinimumVisualStudioVersion = 10.0.40219.1
Project("{8BC9CEB8-8B4A-11D0-8D11-00A0C91BC942}") = "Singleton", "Patterns\Patterns.vcxproj", "{DF6A25BE-F28D-498C-8F61-6642AE49614E}"
EndProject
Project("{8BC9CEB8-8B4A-11D0-8D11-00A0C91BC942}") = "Factory", "Factory\Factory.vcxproj", "{BD67DCCD-1171-4E16-AF71-4D217A8F5FA2}"
EndProject
Project("{8BC9CEB8-8B4A-11D0-8D11-00A0C91BC942}") = "Builder", "Builder\Builder.vcxproj", "{BE9FD05B-5E08-4F15-99BC-25C81F5F3B20}"
EndProject
Project("{8BC9CEB8-8B4A-11D0-8D11-00A0C91BC942}") = "FactoryMethod", "FactoryMethod\FactoryMethod.vcxproj", "{53FFEAB9-ADC1-4CE3-9B48-DFBF9B6799F1}"
EndProject
Project("{8BC9CEB8-8B4A-11D0-8D11-00A0C91BC942}") = "ServiceLocator", "ServiceLocator\ServiceLocator.vcxproj", "{5E068146-2A83-4239-A1A1-695D740C30EF}"
EndProject
Project("{8BC9CEB8-8B4A-11D0-8D11-00A0C91BC942}") = "LazyInitialization", "LazyInitialization\LazyInitialization.vcxproj", "{FFA26B45-558B-4C3D-98BF-8FE66CC8D0D2}"
EndProject
Project("{8BC9CEB8-8B4A-11D0-8D11-00A0C91BC942}") = "RAII", "RAII\RAII.vcxproj", "{2B3FFDDB-4F97-4432-8F0E-C28D5BE0B595}"
EndProject
Project("{8BC9CEB8-8B4A-11D0-8D11-00A0C91BC942}") = "Adapter", "Adapter\Adapter.vcxproj", "{F8CCE2EC-CF86-4234-B5A1-C3FA6BA8F86F}"
EndProject
Project("{8BC9CEB8-8B4A-11D0-8D11-00A0C91BC942}") = "Facade", "Facade\Facade.vcxproj", "{A01A29CF-5166-49BD-A441-493B656205EB}"
EndProject
Project("{8BC9CEB8-8B4A-11D0-8D11-00A0C91BC942}") = "Observer", "Observer\Observer.vcxproj", "{35C06C81-C825-4068-9DB5-3F6FE0667517}"
EndProject
Project("{8BC9CEB8-8B4A-11D0-8D11-00A0C91BC942}") = "Composite", "Composite\Composite.vcxproj", "{65BA71E0-A6C1-4612-B37B-094354964FCC}"
EndProject
Global
	GlobalSection(SolutionConfigurationPlatforms) = preSolution
		Debug|x64 = Debug|x64
		Debug|x86 = Debug|x86
		Release|x64 = Release|x64
		Release|x86 = Release|x86
	EndGlobalSection
	GlobalSection(ProjectConfigurationPlatforms) = postSolution
		{DF6A25BE-F28D-498C-8F61-6642AE49614E}.Debug|x64.ActiveCfg = Debug|x64
		{DF6A25BE-F28D-498C-8F61-6642AE49614E}.Debug|x64.Build.0 = Debug|x64
		{DF6A25BE-F28D-498C-8F61-6642AE49614E}.Debug|x86.ActiveCfg = Debug|Win32
		{DF6A25BE-F28D-498C-8F61-6642AE49614E}.Debug|x86.Build.0 = Debug|Win32
		{DF6A25BE-F28D-498C-8F61-6642AE49614E}.Release|x64.ActiveCfg = Release|x64
		{DF6A25BE-F28D-498C-8F61-6642AE49614E}.Release|x64.Build.0 = Release|x64
		{DF6A25BE-F28D-498C-8F61-6642AE49614E}.Release|x86.ActiveCfg = Release|Win32
		{DF6A25BE-F28D-498C-8F61-6642AE49614E}.Release|x86.Build.0 = Release|Win32
		{BD67DCCD-1171-4E16-AF71-4D217A8F5FA2}.Debug|x64.ActiveCfg = Debug|x64
		{BD67DCCD-1171-4E16-AF71-4D217A8F5FA2}.Debug|x64.Build.0 = Debug|x64
		{BD67DCCD-1171-4E16-AF71-4D217A8F5FA2}.Debug|x86.ActiveCfg = Debug|Win32
		{BD67DCCD-1171-4E16-AF71-4D217A8F5FA2}.Debug|x86.Build.0 = Debug|Win32
		{BD67DCCD-1171-4E16-AF71-4D217A8F5FA2}.Release|x64.ActiveCfg = Release|x64
		{BD67DCCD-1171-4E16-AF71-4D217A8F5FA2}.Release|x64.Build.0 = Release|x64
		{BD67DCCD-1171-4E16-AF71-4D217A8F5FA2}.Release|x86.ActiveCfg = Release|Win32
		{BD67DCCD-1171-4E16-AF71-4D217A8F5FA2}.Release|x86.Build.0 = Release|Win32
		{BE9FD05B-5E08-4F15-99BC-25C81F5F3B20}.Debug|x64.ActiveCfg = Debug|x64
		{BE9FD05B-5E08-4F15-99BC-25C81F5F3B20}.Debug|x64.Build.0 = Debug|x64
		{BE9FD05B-5E08-4F15-99BC-25C81F5F3B20}.Debug|x86.ActiveCfg = Debug|Win32
		{BE9FD05B-5E08-4F15-99BC-25C81F5F3B20}.Debug|x86.Build.0 = Debug|Win32
		{BE9FD05B-5E08-4F15-99BC-25C81F5F3B20}.Release|x64.ActiveCfg = Release|x64
		{BE9FD05B-5E08-4F15-99BC-25C81F5F3B20}.Release|x64.Build.0 = Release|x64
		{BE9FD05B-5E08-4F15-99BC-25C81F5F3B20}.Release|x86.ActiveCfg = Release|Win32
		{BE9FD05B-5E08-4F15-99BC-25C81F5F3B20}.Release|x86.Build.0 = Release|Win32
		{53FFEAB9-ADC1-4CE3-9B48-DFBF9B6799F1}.Debug|x64.ActiveCfg = Debug|x64
		{53FFEAB9-ADC1-4CE3-9B48-DFBF9B6799F1}.Debug|x64.Build.0 = Debug|x64
		{53FFEAB9-ADC1-4CE3-9B48-DFBF9B6799F1}.Debug|x86.ActiveCfg = Debug|Win32
		{53FFEAB9-ADC1-4CE3-9B48-DFBF9B6799F1}.Debug|x86.Build.0 = Debug|Win32
		{53FFEAB9-ADC1-4CE3-9B48-DFBF9B6799F1}.Release|x64.ActiveCfg = Release|x64
		{53FFEAB9-ADC1-4CE3-9B48-DFBF9B6799F1}.Release|x64.Build.0 = Release|x64
		{53FFEAB9-ADC1-4CE3-9B48-DFBF9B6799F1}.Release|x86.ActiveCfg = Release|Win32
		{53FFEAB9-ADC1-4CE3-9B48-DFBF9B6799F1}.Release|x86.Build.0 = Release|Win32
		{5E068146-2A83-4239-A1A1-695D740C30EF}.Debug|x64.ActiveCfg = Debug|x64
		{5E068146-2A83-4239-A1A1-695D740C30EF}.Debug|x64.Build.0 = Debug|x64
		{5E068146-2A83-4239-A1A1-695D740C30EF}.Debug|x86.ActiveCfg = Debug|Win32
		{5E068146-2A83-4239-A1A1-695D740C30EF}.Debug|x86.Build.0 = Debug|Win32
		{5E068146-2A83-4239-A1A1-695D740C30EF}.Release|x64.ActiveCfg = Release|x64
		{5E068146-2A83-4239-A1A1-695D740C30EF}.Release|x64.Build.0 = Release|x64
		{5E068146-2A83-4239-A1A1-695D740C30EF}.Release|x86.ActiveCfg = Release|Win32
		{5E068146-2A83-4239-A1A1-695D740C30EF}.Release|x86.Build.0 = Release|Win32
		{FFA26B45-558B-4C3D-98BF-8FE66CC8D0D2}.Debug|x64.ActiveCfg = Debug|x64
		{FFA26B45-558B-4C3D-98BF-8FE66CC8D0D2}.Debug|x64.Build.0 = Debug|x64
		{FFA26B45-558B-4C3D-98BF-8FE66CC8D0D2}.Debug|x86.ActiveCfg = Debug|Win32
		{FFA26B45-558B-4C3D-98BF-8FE66CC8D0D2}.Debug|x86.Build.0 = Debug|Win32
		{FFA26B45-558B-4C3D-98BF-8FE66CC8D0D2}.Release|x64.ActiveCfg = Release|x64
		{FFA26B45-558B-4C3D-98BF-8FE66CC8D0D2}.Release|x64.Build.0 = Release|x64
		{FFA26B45-558B-4C3D-98BF-8FE66CC8D0D2}.Release|x86.ActiveCfg = Release|Win32
		{FFA26B45-558B-4C3D-98BF-8FE66CC8D0D2}.Release|x86.Build.0 = Release|Win32
		{2B3FFDDB-4F97-4432-8F0E-C28D5BE0B595}.Debug|x64.ActiveCfg = Debug|x64
		{2B3FFDDB-4F97-4432-8F0E-C28D5BE0B595}.Debug|x64.Build.0 = Debug|x64
		{2B3FFDDB-4F97-4432-8F0E-C28D5BE0B595}.Debug|x86.ActiveCfg = Debug|Win32
		{2B3FFDDB-4F97-4432-8F0E-C28D5BE0B595}.Debug|x86.Build.0 = Debug|Win32
		{2B3FFDDB-4F97-4432-8F0E-C28D5BE0B595}.Release|x64.ActiveCfg = Release|x64
		{2B3FFDDB-4F97-4432-8F0E-C28D5BE0B595}.Release|x64.Build.0 = Release|x64
		{2B3FFDDB-4F97-4432-8F0E-C28D5BE0B595}.Release|x86.ActiveCfg = Release|Win32
		{2B3FFDDB-4F97-4432-8F0E-C28D5BE0B595}.Release|x86.Build.0 = Release|Win32
		{F8CCE2EC-CF86-4234-B5A1-C3FA6BA8F86F}.Debug|x64.ActiveCfg = Debug|x64
		{F8CCE2EC-CF86-4234-B5A1-C3FA6BA8F86F}.Debug|x64.Build.0 = Debug|x64
		{F8CCE2EC-CF86-4234-B5A1-C3FA6BA8F86F}.Debug|x86.ActiveCfg = Debug|Win32
		{F8CCE2EC-CF86-4234-B5A1-C3FA6BA8F86F}.Debug|x86.Build.0 = Debug|Win32
		{F8CCE2EC-CF86-4234-B5A1-C3FA6BA8F86F}.Release|x64.ActiveCfg = Release|x64
		{F8CCE2EC-CF86-4234-B5A1-C3FA6BA8F86F}.Release|x64.Build.0 = Release|x64
		{F8CCE2EC-CF86-4234-B5A1-C3FA6BA8F86F}.Release|x86.ActiveCfg = Release|Win32
		{F8CCE2EC-CF86-4234-B5A1-C3FA6BA8F86F}.Release|x86.Build.0 = Release|Win32
		{A01A29CF-5166-49BD-A441-493B656205EB}.Debug|x64.ActiveCfg = Debug|x64
		{A01A29CF-5166-49BD-A441-493B656205EB}.Debug|x64.Build.0 = Debug|x64
		{A01A29CF-5166-49BD-A441-493B656205EB}.Debug|x86.ActiveCfg = Debug|Win32
		{A01A29CF-5166-49BD-A441-493B656205EB}.Debug|x86.Build.0 = Debug|Win32
		{A01A29CF-5166-49BD-A441-493B656205EB}.Release|x64.ActiveCfg = Release|x64
		{A01A29CF-5166-49BD-A441-493B656205EB}.Release|x64.Build.0 = Release|x64
		{A01A29CF-5166-49BD-A441-493B656205EB}.Release|x86.ActiveCfg = Release|Win32
		{A01A29CF-5166-49BD-A441-493B656205EB}.Release|x86.Build.0 = Release|Win32
		{35C06C81-C825-4068-9DB5-3F6FE0667517}.Debug|x64.ActiveCfg = Debug|x64
		{35C06C81-C825-4068-9DB5-3F6FE0667517}.Debug|x64.Build.0 = Debug|x64
		{35C06C81-C825-4068-9DB5-3F6FE0667517}.Debug|x86.ActiveCfg = Debug|Win32
		{35C06C81-C825-4068-9DB5-3F6FE0667517}.Debug|x86.Build.0 = Debug|Win32
		{35C06C81-C825-4068-9DB5-3F6FE0667517}.Release|x64.ActiveCfg = Release|x64
		{35C06C81-C825-4068-9DB5-3F6FE0667517}.Release|x64.Build.0 = Release|x64
		{35C06C81-C825-4068-9DB5-3F6FE0667517}.Release|x86.ActiveCfg = Release|Win32
		{35C06C81-C825-4068-9DB5-3F6FE0667517}.Release|x86.Build.0 = Release|Win32
		{65BA71E0-A6C1-4612-B37B-094354964FCC}.Debug|x64.ActiveCfg = Debug|x64
		{65BA71E0-A6C1-4612-B37B-094354964FCC}.Debug|x64.Build.0 = Debug|x64
		{65BA71E0-A6C1-4612-B37B-094354964FCC}.Debug|x86.ActiveCfg = Debug|Win32
		{65BA71E0-A6C1-4612-B37B-094354964FCC}.Debug|x86.Build.0 = Debug|Win32
		{65BA71E0-A6C1-4612-B37B-094354964FCC}.Release|x64.ActiveCfg = Release|x64
		{65BA71E0-A6C1-4612-B37B-094354964FCC}.Release|x64.Build.0 = Release|x64
		{65BA71E0-A6C1-4612-B37B-094354964FCC}.Release|x86.ActiveCfg = Release|Win32
		{65BA71E0-A6C1-4612-B37B-094354964FCC}.Release|x86.Build.0 = Release|Win32
	EndGlobalSection
	GlobalSection(SolutionProperties) = preSolution
		HideSolutionNode = FALSE
	EndGlobalSection
EndGlobal
